
Microsoft Visual Studio Solution File, Format Version 12.00
# Visual Studio Version 17
VisualStudioVersion = 17.1.32228.430
MinimumVisualStudioVersion = 10.0.40219.1
Project("{FAE04EC0-301F-11D3-BF4B-00C04F79EFBC}") = "CrudWebApi", "CrudWebApi\CrudWebApi.csproj", "{BD72D73E-C05C-442D-B298-C81DD9050919}"
EndProject
Global
	GlobalSection(SolutionConfigurationPlatforms) = preSolution
		Debug|Any CPU = Debug|Any CPU
		Release|Any CPU = Release|Any CPU
	EndGlobalSection
	GlobalSection(ProjectConfigurationPlatforms) = postSolution
		{BD72D73E-C05C-442D-B298-C81DD9050919}.Debug|Any CPU.ActiveCfg = Debug|Any CPU
		{BD72D73E-C05C-442D-B298-C81DD9050919}.Debug|Any CPU.Build.0 = Debug|Any CPU
		{BD72D73E-C05C-442D-B298-C81DD9050919}.Release|Any CPU.ActiveCfg = Release|Any CPU
		{BD72D73E-C05C-442D-B298-C81DD9050919}.Release|Any CPU.Build.0 = Release|Any CPU
	EndGlobalSection
	GlobalSection(SolutionProperties) = preSolution
		HideSolutionNode = FALSE
	EndGlobalSection
	GlobalSection(ExtensibilityGlobals) = postSolution
		SolutionGuid = {30BAA64A-C7B1-44D2-8864-1209151BB6A8}
	EndGlobalSection
EndGlobal
